{
    "version": 3,
    "terraform_version": "0.9.11",
    "serial": 2,
    "lineage": "16ced875-d312-442f-b260-3a3ca046d912",
    "modules": [
        {
            "path": [
                "root"
            ],
            "outputs": {},
            "resources": {
                "digitalocean_droplet.devops.0": {
                    "type": "digitalocean_droplet",
                    "depends_on": [
                        "digitalocean_tag.devops"
                    ],
                    "primary": {
                        "id": "56709811",
                        "attributes": {
                            "disk": "20",
                            "id": "56709811",
                            "image": "26667153",
                            "ipv4_address": "46.101.4.167",
                            "locked": "false",
                            "name": "devops-v2",
                            "price_hourly": "0.00744",
                            "price_monthly": "5",
                            "region": "lon1",
                            "resize_disk": "true",
                            "size": "512mb",
                            "ssh_keys.#": "1",
                            "ssh_keys.0": "1692816",
                            "status": "active",
                            "tags.#": "1",
                            "tags.0": "devops-html",
                            "user_data": "#cloud-config\ncoreos:\n  units:\n    - name: \"devops.service\"\n      command: \"start\"\n      content: |\n        [Unit]\n        Description=Devops Demo\n        After=docker.service\n\n        [Service]\n        ExecStart=/usr/bin/docker run -d -p 3000:3000 devops\n",
                            "vcpus": "1"
                        },
                        "meta": {},
                        "tainted": false
                    },
                    "deposed": [],
                    "provider": ""
                },
                "digitalocean_droplet.devops.1": {
                    "type": "digitalocean_droplet",
                    "depends_on": [
                        "digitalocean_tag.devops"
                    ],
                    "primary": {
                        "id": "56709809",
                        "attributes": {
                            "disk": "20",
                            "id": "56709809",
                            "image": "26667153",
                            "ipv4_address": "178.62.122.83",
                            "locked": "false",
                            "name": "devops-v2",
                            "price_hourly": "0.00744",
                            "price_monthly": "5",
                            "region": "lon1",
                            "resize_disk": "true",
                            "size": "512mb",
                            "ssh_keys.#": "1",
                            "ssh_keys.0": "1692816",
                            "status": "active",
                            "tags.#": "1",
                            "tags.0": "devops-html",
                            "user_data": "#cloud-config\ncoreos:\n  units:\n    - name: \"devops.service\"\n      command: \"start\"\n      content: |\n        [Unit]\n        Description=Devops Demo\n        After=docker.service\n\n        [Service]\n        ExecStart=/usr/bin/docker run -d -p 3000:3000 devops\n",
                            "vcpus": "1"
                        },
                        "meta": {},
                        "tainted": false
                    },
                    "deposed": [],
                    "provider": ""
                },
                "digitalocean_droplet.devops.2": {
                    "type": "digitalocean_droplet",
                    "depends_on": [
                        "digitalocean_tag.devops"
                    ],
                    "primary": {
                        "id": "56709812",
                        "attributes": {
                            "disk": "20",
                            "id": "56709812",
                            "image": "26667153",
                            "ipv4_address": "178.62.119.192",
                            "locked": "false",
                            "name": "devops-v2",
                            "price_hourly": "0.00744",
                            "price_monthly": "5",
                            "region": "lon1",
                            "resize_disk": "true",
                            "size": "512mb",
                            "ssh_keys.#": "1",
                            "ssh_keys.0": "1692816",
                            "status": "active",
                            "tags.#": "1",
                            "tags.0": "devops-html",
                            "user_data": "#cloud-config\ncoreos:\n  units:\n    - name: \"devops.service\"\n      command: \"start\"\n      content: |\n        [Unit]\n        Description=Devops Demo\n        After=docker.service\n\n        [Service]\n        ExecStart=/usr/bin/docker run -d -p 3000:3000 devops\n",
                            "vcpus": "1"
                        },
                        "meta": {},
                        "tainted": false
                    },
                    "deposed": [],
                    "provider": ""
                },
                "digitalocean_tag.devops": {
                    "type": "digitalocean_tag",
                    "depends_on": [],
                    "primary": {
                        "id": "devops-html",
                        "attributes": {
                            "id": "devops-html",
                            "name": "devops-html"
                        },
                        "meta": {},
                        "tainted": false
                    },
                    "deposed": [],
                    "provider": ""
                }
            },
            "depends_on": []
        }
    ]
}
